
Microsoft Visual Studio Solution File, Format Version 12.00
# Visual Studio Version 17
VisualStudioVersion = 17.1.32328.378
MinimumVisualStudioVersion = 10.0.40219.1
Project("{FAE04EC0-301F-11D3-BF4B-00C04F79EFBC}") = "atm-manager", "atm-manager\atm-manager.csproj", "{86A65413-A53A-4B3A-B963-49C09E629C53}"
EndProject
Global
	GlobalSection(SolutionConfigurationPlatforms) = preSolution
		Debug|Any CPU = Debug|Any CPU
		Release|Any CPU = Release|Any CPU
	EndGlobalSection
	GlobalSection(ProjectConfigurationPlatforms) = postSolution
		{86A65413-A53A-4B3A-B963-49C09E629C53}.Debug|Any CPU.ActiveCfg = Debug|Any CPU
		{86A65413-A53A-4B3A-B963-49C09E629C53}.Debug|Any CPU.Build.0 = Debug|Any CPU
		{86A65413-A53A-4B3A-B963-49C09E629C53}.Release|Any CPU.ActiveCfg = Release|Any CPU
		{86A65413-A53A-4B3A-B963-49C09E629C53}.Release|Any CPU.Build.0 = Release|Any CPU
	EndGlobalSection
	GlobalSection(SolutionProperties) = preSolution
		HideSolutionNode = FALSE
	EndGlobalSection
	GlobalSection(ExtensibilityGlobals) = postSolution
		SolutionGuid = {28A1D58A-4107-41FD-90A8-D1F4FC0312FA}
	EndGlobalSection
EndGlobal
